
Microsoft Visual Studio Solution File, Format Version 12.00
# Visual Studio Version 17
VisualStudioVersion = 17.5.33530.505
MinimumVisualStudioVersion = 10.0.40219.1
Project("{FAE04EC0-301F-11D3-BF4B-00C04F79EFBC}") = "Vector - Ex 01", "Vector - Ex 01\Vector - Ex 01.csproj", "{2EFD228D-46CF-4C97-BE21-0E05D3B9965E}"
EndProject
Global
	GlobalSection(SolutionConfigurationPlatforms) = preSolution
		Debug|Any CPU = Debug|Any CPU
		Release|Any CPU = Release|Any CPU
	EndGlobalSection
	GlobalSection(ProjectConfigurationPlatforms) = postSolution
		{2EFD228D-46CF-4C97-BE21-0E05D3B9965E}.Debug|Any CPU.ActiveCfg = Debug|Any CPU
		{2EFD228D-46CF-4C97-BE21-0E05D3B9965E}.Debug|Any CPU.Build.0 = Debug|Any CPU
		{2EFD228D-46CF-4C97-BE21-0E05D3B9965E}.Release|Any CPU.ActiveCfg = Release|Any CPU
		{2EFD228D-46CF-4C97-BE21-0E05D3B9965E}.Release|Any CPU.Build.0 = Release|Any CPU
	EndGlobalSection
	GlobalSection(SolutionProperties) = preSolution
		HideSolutionNode = FALSE
	EndGlobalSection
	GlobalSection(ExtensibilityGlobals) = postSolution
		SolutionGuid = {844D1058-2FD1-458F-9F09-4D79B59F0A46}
	EndGlobalSection
EndGlobal
